<Solution>
  <Folder Name="/src/">
    <File Path="../src/Directory.Build.props" />
    <Project Path="../src/Cirreum.Coordination/Cirreum.Coordination.csproj" />
  </Folder>
  <Folder Name="/tests/">
    <File Path="Directory.Build.props" />
    <Project Path="Cirreum.Coordination.Tests/Cirreum.Coordination.Tests.csproj" />
  </Folder>
</Solution>
